lockfileVersion: '9.0'

settings:
  autoInstallPeers: true
  excludeLinksFromLockfile: false

importers:

  .:
    dependencies:
      '@modelcontextprotocol/server':
        specifier: ^2.2.0
        version: 2.2.0
      ws:
        specifier: ^8.22.0
        version: 8.22.0
      zod:
        specifier: ^4.6.5
        version: 4.6.5

packages:

  '@modelcontextprotocol/core@2.2.0':
    resolution: {integrity: sha512-iLhmprRmWI8EcosOA3wVvww22z02NkgqhV4fBH6f/odQBsi7xnJc0HGmi21yWO+/iKw2yzqVE127Zhna5/+JXw==}
    engines: {node: '>=20'}

  '@modelcontextprotocol/server@2.2.0':
    resolution: {integrity: sha512-qFnltjus6Gk8Lx6J1w2RXmr3YPN22MNT6qD6zjAkaiWIlFIFxWClz0rXHNuJF/KSUyn5YGhkSvXkWDbQHVLFEQ==}
    engines: {node: '>=20'}

  ws@8.22.0:
    resolution: {integrity: sha512-Ydggc987+RO0AnWtZ/7Wq9FtNvcrL1b/RO0ud9mWjUPgDrsAAwQSF51sm2hm1XofbU/4jkpGEsLFsZZxU+1DOg==}
    engines: {node: '>=10.0.0'}
    peerDependencies:
      bufferutil: ^4.0.1
      utf-8-validate: '>=5.0.2'
    peerDependenciesMeta:
      bufferutil:
        optional: true
      utf-8-validate:
        optional: true

  zod@4.6.5:
    resolution: {integrity: sha512-v5l/aFXZQeai4awLbOpSoHecE9UiMrnfx75tEXLjNonXVARxQ5mOeipTjROUchszUNCqnE+hqAMujRsRHsut2Q==}

snapshots:

  '@modelcontextprotocol/core@2.2.0':
    dependencies:
      zod: 4.6.5

  '@modelcontextprotocol/server@2.2.0':
    dependencies:
      '@modelcontextprotocol/core': 2.2.0
      zod: 4.6.5

  ws@8.22.0: {}

  zod@4.6.5: {}
